{
    "_readme": [
        "This file locks the dependencies of your project to a known state",
        "Read more about it at https://getcomposer.org/doc/01-basic-usage.md#composer-lock-the-lock-file",
        "This file is @generated automatically"
    ],
    "content-hash": "02e76db189325c6649a3468d9b88a294",
    "packages": [
        {
            "name": "phpab/phpab",
            "version": "0.1.0",
            "source": {
                "type": "git",
                "url": "https://github.com/phpab/phpab.git",
                "reference": "54a1f2bfe660ed7a0fca17fa22944e1c3f42efa3"
            },
            "dist": {
                "type": "zip",
                "url": "https://api.github.com/repos/phpab/phpab/zipball/54a1f2bfe660ed7a0fca17fa22944e1c3f42efa3",
                "reference": "54a1f2bfe660ed7a0fca17fa22944e1c3f42efa3",
                "shasum": ""
            },
            "require": {
                "php": ">=5.3.3"
            },
            "require-dev": {
                "phpunit/phpunit": "~4.5"
            },
            "type": "library",
            "autoload": {
                "psr-4": {
                    "PhpAb\\": "src"
                }
            },
            "notification-url": "https://packagist.org/downloads/",
            "license": [
                "MIT"
            ],
            "authors": [
                {
                    "name": "Walter Tamboer",
                    "homepage": "http://www.waltertamboer.nl",
                    "role": "Developer"
                }
            ],
            "description": "A PHP library to create A/B tests.",
            "keywords": [
                "AB",
                "abtesting",
                "test",
                "testing"
            ],
            "time": "2016-03-29T12:26:49+00:00"
        },
        {
            "name": "webmozart/assert",
            "version": "1.0.2",
            "source": {
                "type": "git",
                "url": "https://github.com/webmozart/assert.git",
                "reference": "30eed06dd6bc88410a4ff7f77b6d22f3ce13dbde"
            },
            "dist": {
                "type": "zip",
                "url": "https://api.github.com/repos/webmozart/assert/zipball/30eed06dd6bc88410a4ff7f77b6d22f3ce13dbde",
                "reference": "30eed06dd6bc88410a4ff7f77b6d22f3ce13dbde",
                "shasum": ""
            },
            "require": {
                "php": ">=5.3.3"
            },
            "require-dev": {
                "phpunit/phpunit": "^4.6"
            },
            "type": "library",
            "extra": {
                "branch-alias": {
                    "dev-master": "1.0-dev"
                }
            },
            "autoload": {
                "psr-4": {
                    "Webmozart\\Assert\\": "src/"
                }
            },
            "notification-url": "https://packagist.org/downloads/",
            "license": [
                "MIT"
            ],
            "authors": [
                {
                    "name": "Bernhard Schussek",
                    "email": "bschussek@gmail.com"
                }
            ],
            "description": "Assertions to validate method input/output with nice error messages.",
            "keywords": [
                "assert",
                "check",
                "validate"
            ],
            "time": "2015-08-24T13:29:44+00:00"
        }
    ],
    "packages-dev": [],
    "aliases": [],
    "minimum-stability": "stable",
    "stability-flags": [],
    "prefer-stable": false,
    "prefer-lowest": false,
    "platform": [],
    "platform-dev": []
}
